// !$*UTF8*$!
{
	archiveVersion = 1;
	classes = {
	};
	objectVersion = 51;
	objects = {

/* Begin PBXBuildFile section */
		2C6E0C9724EE4A510049431D /* AppDelegate.m in Sources */ = {isa = PBXBuildFile; fileRef = 2C6E0C9624EE4A510049431D /* AppDelegate.m */; };
		2C6E0C9A24EE4A510049431D /* GameViewController.m in Sources */ = {isa = PBXBuildFile; fileRef = 2C6E0C9924EE4A510049431D /* GameViewController.m */; };
		2C6E0C9D24EE4A510049431D /* Main.storyboard in Resources */ = {isa = PBXBuildFile; fileRef = 2C6E0C9B24EE4A510049431D /* Main.storyboard */; };
		2C6E0CA024EE4A510049431D /* LaunchScreen.storyboard in Resources */ = {isa = PBXBuildFile; fileRef = 2C6E0C9E24EE4A510049431D /* LaunchScreen.storyboard */; };
		2C6E0CA324EE4A510049431D /* main.m in Sources */ = {isa = PBXBuildFile; fileRef = 2C6E0CA224EE4A510049431D /* main.m */; };
		2C6E0CCB24EE4A520049431D /* Renderer.m in Sources */ = {isa = PBXBuildFile; fileRef = 2C6E0C8A24EE4A4A0049431D /* Renderer.m */; };
		2C6E0CCE24EE4A520049431D /* Shaders.metal in Sources */ = {isa = PBXBuildFile; fileRef = 2C6E0C8C24EE4A4A0049431D /* Shaders.metal */; };
		2C6E0CD124EE4A520049431D /* Assets.xcassets in Resources */ = {isa = PBXBuildFile; fileRef = 2C6E0C8D24EE4A510049431D /* Assets.xcassets */; };
		90D4DD430DB3E8E17DF7BF9C /* Pods_MyCocoaPodsTest_iOS.framework in Frameworks */ = {isa = PBXBuildFile; fileRef = 52E471FA2F3A2688283F48C8 /* Pods_MyCocoaPodsTest_iOS.framework */; };
/* End PBXBuildFile section */

/* Begin PBXFileReference section */
		2C6E0C8924EE4A4A0049431D /* Renderer.h */ = {isa = PBXFileReference; lastKnownFileType = sourcecode.c.h; path = Renderer.h; sourceTree = "<group>"; };
		2C6E0C8A24EE4A4A0049431D /* Renderer.m */ = {isa = PBXFileReference; lastKnownFileType = sourcecode.c.objc; path = Renderer.m; sourceTree = "<group>"; };
		2C6E0C8B24EE4A4A0049431D /* ShaderTypes.h */ = {isa = PBXFileReference; lastKnownFileType = sourcecode.c.h; path = ShaderTypes.h; sourceTree = "<group>"; };
		2C6E0C8C24EE4A4A0049431D /* Shaders.metal */ = {isa = PBXFileReference; lastKnownFileType = sourcecode.metal; path = Shaders.metal; sourceTree = "<group>"; };
		2C6E0C8D24EE4A510049431D /* Assets.xcassets */ = {isa = PBXFileReference; lastKnownFileType = folder.assetcatalog; path = Assets.xcassets; sourceTree = "<group>"; };
		2C6E0C9224EE4A510049431D /* MyCocoaPodsTest.app */ = {isa = PBXFileReference; explicitFileType = wrapper.application; includeInIndex = 0; path = MyCocoaPodsTest.app; sourceTree = BUILT_PRODUCTS_DIR; };
		2C6E0C9524EE4A510049431D /* AppDelegate.h */ = {isa = PBXFileReference; lastKnownFileType = sourcecode.c.h; path = AppDelegate.h; sourceTree = "<group>"; };
		2C6E0C9624EE4A510049431D /* AppDelegate.m */ = {isa = PBXFileReference; lastKnownFileType = sourcecode.c.objc; path = AppDelegate.m; sourceTree = "<group>"; };
		2C6E0C9824EE4A510049431D /* GameViewController.h */ = {isa = PBXFileReference; lastKnownFileType = sourcecode.c.h; path = GameViewController.h; sourceTree = "<group>"; };
		2C6E0C9924EE4A510049431D /* GameViewController.m */ = {isa = PBXFileReference; lastKnownFileType = sourcecode.c.objc; path = GameViewController.m; sourceTree = "<group>"; };
		2C6E0C9C24EE4A510049431D /* Base */ = {isa = PBXFileReference; lastKnownFileType = file.storyboard; name = Base; path = Base.lproj/Main.storyboard; sourceTree = "<group>"; };
		2C6E0C9F24EE4A510049431D /* Base */ = {isa = PBXFileReference; lastKnownFileType = file.storyboard; name = Base; path = Base.lproj/LaunchScreen.storyboard; sourceTree = "<group>"; };
		2C6E0CA124EE4A510049431D /* Info.plist */ = {isa = PBXFileReference; lastKnownFileType = text.plist.xml; path = Info.plist; sourceTree = "<group>"; };
		2C6E0CA224EE4A510049431D /* main.m */ = {isa = PBXFileReference; lastKnownFileType = sourcecode.c.objc; path = main.m; sourceTree = "<group>"; };
		52E471FA2F3A2688283F48C8 /* Pods_MyCocoaPodsTest_iOS.framework */ = {isa = PBXFileReference; explicitFileType = wrapper.framework; includeInIndex = 0; path = Pods_MyCocoaPodsTest_iOS.framework; sourceTree = BUILT_PRODUCTS_DIR; };
		B5ECCB251B3355AE71A83005 /* Pods-MyCocoaPodsTest iOS.debug.xcconfig */ = {isa = PBXFileReference; includeInIndex = 1; lastKnownFileType = text.xcconfig; name = "Pods-MyCocoaPodsTest iOS.debug.xcconfig"; path = "Target Support Files/Pods-MyCocoaPodsTest iOS/Pods-MyCocoaPodsTest iOS.debug.xcconfig"; sourceTree = "<group>"; };
		C47F9E532FA3C6BFFDFDDCC2 /* Pods-MyCocoaPodsTest iOS.release.xcconfig */ = {isa = PBXFileReference; includeInIndex = 1; lastKnownFileType = text.xcconfig; name = "Pods-MyCocoaPodsTest iOS.release.xcconfig"; path = "Target Support Files/Pods-MyCocoaPodsTest iOS/Pods-MyCocoaPodsTest iOS.release.xcconfig"; sourceTree = "<group>"; };
/* End PBXFileReference section */

/* Begin PBXFrameworksBuildPhase section */
		2C6E0C8F24EE4A510049431D /* Frameworks */ = {
			isa = PBXFrameworksBuildPhase;
			buildActionMask = 2147483647;
			files = (
				90D4DD430DB3E8E17DF7BF9C /* Pods_MyCocoaPodsTest_iOS.framework in Frameworks */,
			);
			runOnlyForDeploymentPostprocessing = 0;
		};
/* End PBXFrameworksBuildPhase section */

/* Begin PBXGroup section */
		198E13F0C8E3E9159C42BBCD /* Frameworks */ = {
			isa = PBXGroup;
			children = (
				52E471FA2F3A2688283F48C8 /* Pods_MyCocoaPodsTest_iOS.framework */,
			);
			name = Frameworks;
			sourceTree = "<group>";
		};
		2C6E0C8324EE4A4A0049431D = {
			isa = PBXGroup;
			children = (
				2C6E0C8824EE4A4A0049431D /* MyCocoaPodsTest Shared */,
				2C6E0C9424EE4A510049431D /* MyCocoaPodsTest iOS */,
				2C6E0C9324EE4A510049431D /* Products */,
				90EA573CAADB2C5EA040BFC0 /* Pods */,
				198E13F0C8E3E9159C42BBCD /* Frameworks */,
			);
			sourceTree = "<group>";
		};
		2C6E0C8824EE4A4A0049431D /* MyCocoaPodsTest Shared */ = {
			isa = PBXGroup;
			children = (
				2C6E0C8924EE4A4A0049431D /* Renderer.h */,
				2C6E0C8A24EE4A4A0049431D /* Renderer.m */,
				2C6E0C8B24EE4A4A0049431D /* ShaderTypes.h */,
				2C6E0C8C24EE4A4A0049431D /* Shaders.metal */,
				2C6E0C8D24EE4A510049431D /* Assets.xcassets */,
			);
			path = "MyCocoaPodsTest Shared";
			sourceTree = "<group>";
		};
		2C6E0C9324EE4A510049431D /* Products */ = {
			isa = PBXGroup;
			children = (
				2C6E0C9224EE4A510049431D /* MyCocoaPodsTest.app */,
			);
			name = Products;
			sourceTree = "<group>";
		};
		2C6E0C9424EE4A510049431D /* MyCocoaPodsTest iOS */ = {
			isa = PBXGroup;
			children = (
				2C6E0C9524EE4A510049431D /* AppDelegate.h */,
				2C6E0C9624EE4A510049431D /* AppDelegate.m */,
				2C6E0C9824EE4A510049431D /* GameViewController.h */,
				2C6E0C9924EE4A510049431D /* GameViewController.m */,
				2C6E0C9B24EE4A510049431D /* Main.storyboard */,
				2C6E0C9E24EE4A510049431D /* LaunchScreen.storyboard */,
				2C6E0CA124EE4A510049431D /* Info.plist */,
				2C6E0CA224EE4A510049431D /* main.m */,
			);
			path = "MyCocoaPodsTest iOS";
			sourceTree = "<group>";
		};
		90EA573CAADB2C5EA040BFC0 /* Pods */ = {
			isa = PBXGroup;
			children = (
				B5ECCB251B3355AE71A83005 /* Pods-MyCocoaPodsTest iOS.debug.xcconfig */,
				C47F9E532FA3C6BFFDFDDCC2 /* Pods-MyCocoaPodsTest iOS.release.xcconfig */,
			);
			path = Pods;
			sourceTree = "<group>";
		};
/* End PBXGroup section */

/* Begin PBXNativeTarget section */
		2C6E0C9124EE4A510049431D /* MyCocoaPodsTest iOS */ = {
			isa = PBXNativeTarget;
			buildConfigurationList = 2C6E0CD624EE4A520049431D /* Build configuration list for PBXNativeTarget "MyCocoaPodsTest iOS" */;
			buildPhases = (
				A97B1583C1BE230AF423CF52 /* [CP] Check Pods Manifest.lock */,
				2C6E0C8E24EE4A510049431D /* Sources */,
				2C6E0C8F24EE4A510049431D /* Frameworks */,
				2C6E0C9024EE4A510049431D /* Resources */,
				A8B21D271D39EFA81988E63B /* [CP] Embed Pods Frameworks */,
				573C92AA5583344FE60EF099 /* [CP] Copy Pods Resources */,
			);
			buildRules = (
			);
			dependencies = (
			);
			name = "MyCocoaPodsTest iOS";
			productName = "MyCocoaPodsTest iOS";
			productReference = 2C6E0C9224EE4A510049431D /* MyCocoaPodsTest.app */;
			productType = "com.apple.product-type.application";
		};
/* End PBXNativeTarget section */

/* Begin PBXProject section */
		2C6E0C8424EE4A4A0049431D /* Project object */ = {
			isa = PBXProject;
			attributes = {
				LastUpgradeCheck = 1160;
				ORGANIZATIONNAME = masteage;
				TargetAttributes = {
					2C6E0C9124EE4A510049431D = {
						CreatedOnToolsVersion = 11.6;
					};
				};
			};
			buildConfigurationList = 2C6E0C8724EE4A4A0049431D /* Build configuration list for PBXProject "MyCocoaPodsTest" */;
			compatibilityVersion = "Xcode 9.3";
			developmentRegion = en;
			hasScannedForEncodings = 0;
			knownRegions = (
				en,
				Base,
			);
			mainGroup = 2C6E0C8324EE4A4A0049431D;
			productRefGroup = 2C6E0C9324EE4A510049431D /* Products */;
			projectDirPath = "";
			projectRoot = "";
			targets = (
				2C6E0C9124EE4A510049431D /* MyCocoaPodsTest iOS */,
			);
		};
/* End PBXProject section */

/* Begin PBXResourcesBuildPhase section */
		2C6E0C9024EE4A510049431D /* Resources */ = {
			isa = PBXResourcesBuildPhase;
			buildActionMask = 2147483647;
			files = (
				2C6E0C9D24EE4A510049431D /* Main.storyboard in Resources */,
				2C6E0CD124EE4A520049431D /* Assets.xcassets in Resources */,
				2C6E0CA024EE4A510049431D /* LaunchScreen.storyboard in Resources */,
			);
			runOnlyForDeploymentPostprocessing = 0;
		};
/* End PBXResourcesBuildPhase section */

/* Begin PBXShellScriptBuildPhase section */
		573C92AA5583344FE60EF099 /* [CP] Copy Pods Resources */ = {
			isa = PBXShellScriptBuildPhase;
			buildActionMask = 2147483647;
			files = (
			);
			inputFileListPaths = (
				"${PODS_ROOT}/Target Support Files/Pods-MyCocoaPodsTest iOS/Pods-MyCocoaPodsTest iOS-resources-${CONFIGURATION}-input-files.xcfilelist",
			);
			name = "[CP] Copy Pods Resources";
			outputFileListPaths = (
				"${PODS_ROOT}/Target Support Files/Pods-MyCocoaPodsTest iOS/Pods-MyCocoaPodsTest iOS-resources-${CONFIGURATION}-output-files.xcfilelist",
			);
			runOnlyForDeploymentPostprocessing = 0;
			shellPath = /bin/sh;
			shellScript = "\"${PODS_ROOT}/Target Support Files/Pods-MyCocoaPodsTest iOS/Pods-MyCocoaPodsTest iOS-resources.sh\"\n";
			showEnvVarsInLog = 0;
		};
		A8B21D271D39EFA81988E63B /* [CP] Embed Pods Frameworks */ = {
			isa = PBXShellScriptBuildPhase;
			buildActionMask = 2147483647;
			files = (
			);
			inputFileListPaths = (
				"${PODS_ROOT}/Target Support Files/Pods-MyCocoaPodsTest iOS/Pods-MyCocoaPodsTest iOS-frameworks-${CONFIGURATION}-input-files.xcfilelist",
			);
			name = "[CP] Embed Pods Frameworks";
			outputFileListPaths = (
				"${PODS_ROOT}/Target Support Files/Pods-MyCocoaPodsTest iOS/Pods-MyCocoaPodsTest iOS-frameworks-${CONFIGURATION}-output-files.xcfilelist",
			);
			runOnlyForDeploymentPostprocessing = 0;
			shellPath = /bin/sh;
			shellScript = "\"${PODS_ROOT}/Target Support Files/Pods-MyCocoaPodsTest iOS/Pods-MyCocoaPodsTest iOS-frameworks.sh\"\n";
			showEnvVarsInLog = 0;
		};
		A97B1583C1BE230AF423CF52 /* [CP] Check Pods Manifest.lock */ = {
			isa = PBXShellScriptBuildPhase;
			buildActionMask = 2147483647;
			files = (
			);
			inputFileListPaths = (
			);
			inputPaths = (
				"${PODS_PODFILE_DIR_PATH}/Podfile.lock",
				"${PODS_ROOT}/Manifest.lock",
			);
			name = "[CP] Check Pods Manifest.lock";
			outputFileListPaths = (
			);
			outputPaths = (
				"$(DERIVED_FILE_DIR)/Pods-MyCocoaPodsTest iOS-checkManifestLockResult.txt",
			);
			runOnlyForDeploymentPostprocessing = 0;
			shellPath = /bin/sh;
			shellScript = "diff \"${PODS_PODFILE_DIR_PATH}/Podfile.lock\" \"${PODS_ROOT}/Manifest.lock\" > /dev/null\nif [ $? != 0 ] ; then\n    # print error to STDERR\n    echo \"error: The sandbox is not in sync with the Podfile.lock. Run 'pod install' or update your CocoaPods installation.\" >&2\n    exit 1\nfi\n# This output is used by Xcode 'outputs' to avoid re-running this script phase.\necho \"SUCCESS\" > \"${SCRIPT_OUTPUT_FILE_0}\"\n";
			showEnvVarsInLog = 0;
		};
/* End PBXShellScriptBuildPhase section */

/* Begin PBXSourcesBuildPhase section */
		2C6E0C8E24EE4A510049431D /* Sources */ = {
			isa = PBXSourcesBuildPhase;
			buildActionMask = 2147483647;
			files = (
				2C6E0CCB24EE4A520049431D /* Renderer.m in Sources */,
				2C6E0C9A24EE4A510049431D /* GameViewController.m in Sources */,
				2C6E0CA324EE4A510049431D /* main.m in Sources */,
				2C6E0C9724EE4A510049431D /* AppDelegate.m in Sources */,
				2C6E0CCE24EE4A520049431D /* Shaders.metal in Sources */,
			);
			runOnlyForDeploymentPostprocessing = 0;
		};
/* End PBXSourcesBuildPhase section */

/* Begin PBXVariantGroup section */
		2C6E0C9B24EE4A510049431D /* Main.storyboard */ = {
			isa = PBXVariantGroup;
			children = (
				2C6E0C9C24EE4A510049431D /* Base */,
			);
			name = Main.storyboard;
			sourceTree = "<group>";
		};
		2C6E0C9E24EE4A510049431D /* LaunchScreen.storyboard */ = {
			isa = PBXVariantGroup;
			children = (
				2C6E0C9F24EE4A510049431D /* Base */,
			);
			name = LaunchScreen.storyboard;
			sourceTree = "<group>";
		};
/* End PBXVariantGroup section */

/* Begin XCBuildConfiguration section */
		2C6E0CD424EE4A520049431D /* Debug */ = {
			isa = XCBuildConfiguration;
			buildSettings = {
				ALWAYS_SEARCH_USER_PATHS = NO;
				CLANG_ANALYZER_NONNULL = YES;
				CLANG_ANALYZER_NUMBER_OBJECT_CONVERSION = YES_AGGRESSIVE;
				CLANG_CXX_LANGUAGE_STANDARD = "gnu++14";
				CLANG_CXX_LIBRARY = "libc++";
				CLANG_ENABLE_MODULES = YES;
				CLANG_ENABLE_OBJC_ARC = YES;
				CLANG_ENABLE_OBJC_WEAK = YES;
				CLANG_WARN_BLOCK_CAPTURE_AUTORELEASING = YES;
				CLANG_WARN_BOOL_CONVERSION = YES;
				CLANG_WARN_COMMA = YES;
				CLANG_WARN_CONSTANT_CONVERSION = YES;
				CLANG_WARN_DEPRECATED_OBJC_IMPLEMENTATIONS = YES;
				CLANG_WARN_DIRECT_OBJC_ISA_USAGE = YES_ERROR;
				CLANG_WARN_DOCUMENTATION_COMMENTS = YES;
				CLANG_WARN_EMPTY_BODY = YES;
				CLANG_WARN_ENUM_CONVERSION = YES;
				CLANG_WARN_INFINITE_RECURSION = YES;
				CLANG_WARN_INT_CONVERSION = YES;
				CLANG_WARN_NON_LITERAL_NULL_CONVERSION = YES;
				CLANG_WARN_OBJC_IMPLICIT_RETAIN_SELF = YES;
				CLANG_WARN_OBJC_LITERAL_CONVERSION = YES;
				CLANG_WARN_OBJC_ROOT_CLASS = YES_ERROR;
				CLANG_WARN_RANGE_LOOP_ANALYSIS = YES;
				CLANG_WARN_STRICT_PROTOTYPES = YES;
				CLANG_WARN_SUSPICIOUS_MOVE = YES;
				CLANG_WARN_UNGUARDED_AVAILABILITY = YES_AGGRESSIVE;
				CLANG_WARN_UNREACHABLE_CODE = YES;
				CLANG_WARN__DUPLICATE_METHOD_MATCH = YES;
				COPY_PHASE_STRIP = NO;
				DEBUG_INFORMATION_FORMAT = dwarf;
				ENABLE_STRICT_OBJC_MSGSEND = YES;
				ENABLE_TESTABILITY = YES;
				GCC_C_LANGUAGE_STANDARD = gnu11;
				GCC_DYNAMIC_NO_PIC = NO;
				GCC_NO_COMMON_BLOCKS = YES;
				GCC_OPTIMIZATION_LEVEL = 0;
				GCC_PREPROCESSOR_DEFINITIONS = (
					"DEBUG=1",
					"$(inherited)",
				);
				GCC_WARN_64_TO_32_BIT_CONVERSION = YES;
				GCC_WARN_ABOUT_RETURN_TYPE = YES_ERROR;
				GCC_WARN_UNDECLARED_SELECTOR = YES;
				GCC_WARN_UNINITIALIZED_AUTOS = YES_AGGRESSIVE;
				GCC_WARN_UNUSED_FUNCTION = YES;
				GCC_WARN_UNUSED_VARIABLE = YES;
				MTL_ENABLE_DEBUG_INFO = INCLUDE_SOURCE;
				MTL_FAST_MATH = YES;
				ONLY_ACTIVE_ARCH = YES;
			};
			name = Debug;
		};
		2C6E0CD524EE4A520049431D /* Release */ = {
			isa = XCBuildConfiguration;
			buildSettings = {
				ALWAYS_SEARCH_USER_PATHS = NO;
				CLANG_ANALYZER_NONNULL = YES;
				CLANG_ANALYZER_NUMBER_OBJECT_CONVERSION = YES_AGGRESSIVE;
				CLANG_CXX_LANGUAGE_STANDARD = "gnu++14";
				CLANG_CXX_LIBRARY = "libc++";
				CLANG_ENABLE_MODULES = YES;
				CLANG_ENABLE_OBJC_ARC = YES;
				CLANG_ENABLE_OBJC_WEAK = YES;
				CLANG_WARN_BLOCK_CAPTURE_AUTORELEASING = YES;
				CLANG_WARN_BOOL_CONVERSION = YES;
				CLANG_WARN_COMMA = YES;
				CLANG_WARN_CONSTANT_CONVERSION = YES;
				CLANG_WARN_DEPRECATED_OBJC_IMPLEMENTATIONS = YES;
				CLANG_WARN_DIRECT_OBJC_ISA_USAGE = YES_ERROR;
				CLANG_WARN_DOCUMENTATION_COMMENTS = YES;
				CLANG_WARN_EMPTY_BODY = YES;
				CLANG_WARN_ENUM_CONVERSION = YES;
				CLANG_WARN_INFINITE_RECURSION = YES;
				CLANG_WARN_INT_CONVERSION = YES;
				CLANG_WARN_NON_LITERAL_NULL_CONVERSION = YES;
				CLANG_WARN_OBJC_IMPLICIT_RETAIN_SELF = YES;
				CLANG_WARN_OBJC_LITERAL_CONVERSION = YES;
				CLANG_WARN_OBJC_ROOT_CLASS = YES_ERROR;
				CLANG_WARN_RANGE_LOOP_ANALYSIS = YES;
				CLANG_WARN_STRICT_PROTOTYPES = YES;
				CLANG_WARN_SUSPICIOUS_MOVE = YES;
				CLANG_WARN_UNGUARDED_AVAILABILITY = YES_AGGRESSIVE;
				CLANG_WARN_UNREACHABLE_CODE = YES;
				CLANG_WARN__DUPLICATE_METHOD_MATCH = YES;
				COPY_PHASE_STRIP = NO;
				DEBUG_INFORMATION_FORMAT = "dwarf-with-dsym";
				ENABLE_NS_ASSERTIONS = NO;
				ENABLE_STRICT_OBJC_MSGSEND = YES;
				GCC_C_LANGUAGE_STANDARD = gnu11;
				GCC_NO_COMMON_BLOCKS = YES;
				GCC_WARN_64_TO_32_BIT_CONVERSION = YES;
				GCC_WARN_ABOUT_RETURN_TYPE = YES_ERROR;
				GCC_WARN_UNDECLARED_SELECTOR = YES;
				GCC_WARN_UNINITIALIZED_AUTOS = YES_AGGRESSIVE;
				GCC_WARN_UNUSED_FUNCTION = YES;
				GCC_WARN_UNUSED_VARIABLE = YES;
				MTL_ENABLE_DEBUG_INFO = NO;
				MTL_FAST_MATH = YES;
			};
			name = Release;
		};
		2C6E0CD724EE4A520049431D /* Debug */ = {
			isa = XCBuildConfiguration;
			baseConfigurationReference = B5ECCB251B3355AE71A83005 /* Pods-MyCocoaPodsTest iOS.debug.xcconfig */;
			buildSettings = {
				ASSETCATALOG_COMPILER_APPICON_NAME = AppIcon;
				CODE_SIGN_STYLE = Automatic;
				INFOPLIST_FILE = "MyCocoaPodsTest iOS/Info.plist";
				IPHONEOS_DEPLOYMENT_TARGET = 9.0;
				LD_RUNPATH_SEARCH_PATHS = (
					"$(inherited)",
					"@executable_path/Frameworks",
				);
				ONLY_ACTIVE_ARCH = NO;
				PRODUCT_BUNDLE_IDENTIFIER = test.MyCocoaPodsTest;
				PRODUCT_NAME = MyCocoaPodsTest;
				SDKROOT = iphoneos;
				TARGETED_DEVICE_FAMILY = "1,2";
			};
			name = Debug;
		};
		2C6E0CD824EE4A520049431D /* Release */ = {
			isa = XCBuildConfiguration;
			baseConfigurationReference = C47F9E532FA3C6BFFDFDDCC2 /* Pods-MyCocoaPodsTest iOS.release.xcconfig */;
			buildSettings = {
				ASSETCATALOG_COMPILER_APPICON_NAME = AppIcon;
				CODE_SIGN_STYLE = Automatic;
				INFOPLIST_FILE = "MyCocoaPodsTest iOS/Info.plist";
				IPHONEOS_DEPLOYMENT_TARGET = 9.0;
				LD_RUNPATH_SEARCH_PATHS = (
					"$(inherited)",
					"@executable_path/Frameworks",
				);
				PRODUCT_BUNDLE_IDENTIFIER = test.MyCocoaPodsTest;
				PRODUCT_NAME = MyCocoaPodsTest;
				SDKROOT = iphoneos;
				TARGETED_DEVICE_FAMILY = "1,2";
				VALIDATE_PRODUCT = YES;
			};
			name = Release;
		};
/* End XCBuildConfiguration section */

/* Begin XCConfigurationList section */
		2C6E0C8724EE4A4A0049431D /* Build configuration list for PBXProject "MyCocoaPodsTest" */ = {
			isa = XCConfigurationList;
			buildConfigurations = (
				2C6E0CD424EE4A520049431D /* Debug */,
				2C6E0CD524EE4A520049431D /* Release */,
			);
			defaultConfigurationIsVisible = 0;
			defaultConfigurationName = Release;
		};
		2C6E0CD624EE4A520049431D /* Build configuration list for PBXNativeTarget "MyCocoaPodsTest iOS" */ = {
			isa = XCConfigurationList;
			buildConfigurations = (
				2C6E0CD724EE4A520049431D /* Debug */,
				2C6E0CD824EE4A520049431D /* Release */,
			);
			defaultConfigurationIsVisible = 0;
			defaultConfigurationName = Release;
		};
/* End XCConfigurationList section */
	};
	rootObject = 2C6E0C8424EE4A4A0049431D /* Project object */;
}
